
Microsoft Visual Studio Solution File, Format Version 12.00
# Visual Studio 15
VisualStudioVersion = 15.0.28307.645
MinimumVisualStudioVersion = 10.0.40219.1
Project("{FAE04EC0-301F-11D3-BF4B-00C04F79EFBC}") = "WebApplication1", "WebApplication1\WebApplication1.csproj", "{E8A01BB7-D0D5-4A14-BA22-6F4D3FCEAEBF}"
EndProject
Global
	GlobalSection(SolutionConfigurationPlatforms) = preSolution
		Debug|Any CPU = Debug|Any CPU
		Release|Any CPU = Release|Any CPU
	EndGlobalSection
	GlobalSection(ProjectConfigurationPlatforms) = postSolution
		{E8A01BB7-D0D5-4A14-BA22-6F4D3FCEAEBF}.Debug|Any CPU.ActiveCfg = Debug|Any CPU
		{E8A01BB7-D0D5-4A14-BA22-6F4D3FCEAEBF}.Debug|Any CPU.Build.0 = Debug|Any CPU
		{E8A01BB7-D0D5-4A14-BA22-6F4D3FCEAEBF}.Release|Any CPU.ActiveCfg = Release|Any CPU
		{E8A01BB7-D0D5-4A14-BA22-6F4D3FCEAEBF}.Release|Any CPU.Build.0 = Release|Any CPU
	EndGlobalSection
	GlobalSection(SolutionProperties) = preSolution
		HideSolutionNode = FALSE
	EndGlobalSection
	GlobalSection(ExtensibilityGlobals) = postSolution
		SolutionGuid = {F456C095-371E-43B2-8F3A-33AD6E78A459}
	EndGlobalSection
EndGlobal
